
Microsoft Visual Studio Solution File, Format Version 12.00
# Visual Studio Version 16
VisualStudioVersion = 16.0.30523.141
MinimumVisualStudioVersion = 10.0.40219.1
Project("{FAE04EC0-301F-11D3-BF4B-00C04F79EFBC}") = "CAR_RACE", "CAR_RACE\CAR_RACE.csproj", "{CD13D592-8811-48E3-80BB-C44975A8DD42}"
EndProject
Project("{2150E333-8FDC-42A3-9474-1A3956D46DE8}") = "Solution Items", "Solution Items", "{66F59DBF-06BC-4457-87EA-A3F819254F97}"
	ProjectSection(SolutionItems) = preProject
		.editorconfig = .editorconfig
	EndProjectSection
EndProject
Global
	GlobalSection(SolutionConfigurationPlatforms) = preSolution
		Debug|Any CPU = Debug|Any CPU
		Release|Any CPU = Release|Any CPU
	EndGlobalSection
	GlobalSection(ProjectConfigurationPlatforms) = postSolution
		{CD13D592-8811-48E3-80BB-C44975A8DD42}.Debug|Any CPU.ActiveCfg = Debug|Any CPU
		{CD13D592-8811-48E3-80BB-C44975A8DD42}.Debug|Any CPU.Build.0 = Debug|Any CPU
		{CD13D592-8811-48E3-80BB-C44975A8DD42}.Release|Any CPU.ActiveCfg = Release|Any CPU
		{CD13D592-8811-48E3-80BB-C44975A8DD42}.Release|Any CPU.Build.0 = Release|Any CPU
	EndGlobalSection
	GlobalSection(SolutionProperties) = preSolution
		HideSolutionNode = FALSE
	EndGlobalSection
	GlobalSection(ExtensibilityGlobals) = postSolution
		SolutionGuid = {AA1416AE-A7B7-4FC7-ACC4-C18C1E794C48}
	EndGlobalSection
EndGlobal
